{
  "name": "streaming",
  "version": "1.0.0",
  "lockfileVersion": 1,
  "requires": true,
  "dependencies": {
    "@types/isomorphic-fetch": {
      "version": "0.0.35",
      "resolved": "https://registry.npmjs.org/@types/isomorphic-fetch/-/isomorphic-fetch-0.0.35.tgz",
      "integrity": "sha512-DaZNUvLDCAnCTjgwxgiL1eQdxIKEpNLOlTNtAgnZc50bG2copGhRrFN9/PxPBuJe+tZVLCbQ7ls0xveXVRPkvw=="
    },
    "asn1": {
      "version": "0.2.4",
      "resolved": "https://registry.npmjs.org/asn1/-/asn1-0.2.4.tgz",
      "integrity": "sha512-jxwzQpLQjSmWXgwaCZE9Nz+glAG01yF1QnWgbhGwHI5A6FRIEY6IVqtHhIepHqI7/kyEyQEagBC5mBEFlIYvdg==",
      "requires": {
        "safer-buffer": "~2.1.0"
      }
    },
    "assert-plus": {
      "version": "1.0.0",
      "resolved": "https://registry.npmjs.org/assert-plus/-/assert-plus-1.0.0.tgz",
      "integrity": "sha1-8S4PPF13sLHN2RRpQuTpbB5N1SU="
    },
    "await-semaphore": {
      "version": "0.1.3",
      "resolved": "https://registry.npmjs.org/await-semaphore/-/await-semaphore-0.1.3.tgz",
      "integrity": "sha512-d1W2aNSYcz/sxYO4pMGX9vq65qOTu0P800epMud+6cYYX0QcT7zyqcxec3VWzpgvdXo57UWmVbZpLMjX2m1I7Q=="
    },
    "bcrypt-pbkdf": {
      "version": "1.0.2",
      "resolved": "https://registry.npmjs.org/bcrypt-pbkdf/-/bcrypt-pbkdf-1.0.2.tgz",
      "integrity": "sha1-pDAdOJtqQ/m2f/PKEaP2Y342Dp4=",
      "requires": {
        "tweetnacl": "^0.14.3"
      }
    },
    "buffer-equal-constant-time": {
      "version": "1.0.1",
      "resolved": "https://registry.npmjs.org/buffer-equal-constant-time/-/buffer-equal-constant-time-1.0.1.tgz",
      "integrity": "sha1-+OcRMvf/5uAaXJaXpMbz5I1cyBk="
    },
    "core-util-is": {
      "version": "1.0.2",
      "resolved": "https://registry.npmjs.org/core-util-is/-/core-util-is-1.0.2.tgz",
      "integrity": "sha1-tf1UIgqivFq1eqtxQMlAdUUDwac="
    },
    "crypto": {
      "version": "1.0.1",
      "resolved": "https://registry.npmjs.org/crypto/-/crypto-1.0.1.tgz",
      "integrity": "sha512-VxBKmeNcqQdiUQUW2Tzq0t377b54N2bMtXO/qiLa+6eRRmmC4qT3D4OnTGoT/U6O9aklQ/jTwbOtRMTTY8G0Ig=="
    },
    "dashdash": {
      "version": "1.14.1",
      "resolved": "https://registry.npmjs.org/dashdash/-/dashdash-1.14.1.tgz",
      "integrity": "sha1-hTz6D3y+L+1d4gMmuN1YEDX24vA=",
      "requires": {
        "assert-plus": "^1.0.0"
      }
    },
    "ecc-jsbn": {
      "version": "0.1.2",
      "resolved": "https://registry.npmjs.org/ecc-jsbn/-/ecc-jsbn-0.1.2.tgz",
      "integrity": "sha1-OoOpBOVDUyh4dMVkt1SThoSamMk=",
      "requires": {
        "jsbn": "~0.1.0",
        "safer-buffer": "^2.1.0"
      }
    },
    "ecdsa-sig-formatter": {
      "version": "1.0.11",
      "resolved": "https://registry.npmjs.org/ecdsa-sig-formatter/-/ecdsa-sig-formatter-1.0.11.tgz",
      "integrity": "sha512-nagl3RYrbNv6kQkeJIpt6NJZy8twLB/2vtz6yN9Z4vRKHN4/QZJIEbqohALSgwKdnksuY3k5Addp5lg8sVoVcQ==",
      "requires": {
        "safe-buffer": "^5.0.1"
      }
    },
    "encoding": {
      "version": "0.1.13",
      "resolved": "https://registry.npmjs.org/encoding/-/encoding-0.1.13.tgz",
      "integrity": "sha512-ETBauow1T35Y/WZMkio9jiM0Z5xjHHmJ4XmjZOq1l/dXz3lr2sRn87nJy20RupqSh1F2m3HHPSp8ShIPQJrJ3A==",
      "requires": {
        "iconv-lite": "^0.6.2"
      }
    },
    "es6-promise": {
      "version": "4.2.6",
      "resolved": "https://registry.npmjs.org/es6-promise/-/es6-promise-4.2.6.tgz",
      "integrity": "sha512-aRVgGdnmW2OiySVPUC9e6m+plolMAJKjZnQlCwNSuK5yQ0JN61DZSO1X1Ufd1foqWRAlig0rhduTCHe7sVtK5Q=="
    },
    "extsprintf": {
      "version": "1.3.0",
      "resolved": "https://registry.npmjs.org/extsprintf/-/extsprintf-1.3.0.tgz",
      "integrity": "sha1-lpGEQOMEGnpBT4xS48V06zw+HgU="
    },
    "fs": {
      "version": "0.0.1-security",
      "resolved": "https://registry.npmjs.org/fs/-/fs-0.0.1-security.tgz",
      "integrity": "sha1-invTcYa23d84E/I4WLV+yq9eQdQ="
    },
    "getpass": {
      "version": "0.1.7",
      "resolved": "https://registry.npmjs.org/getpass/-/getpass-0.1.7.tgz",
      "integrity": "sha1-Xv+OPmhNVprkyysSgmBOi6YhSfo=",
      "requires": {
        "assert-plus": "^1.0.0"
      }
    },
    "http-signature": {
      "version": "1.3.1",
      "resolved": "https://registry.npmjs.org/http-signature/-/http-signature-1.3.1.tgz",
      "integrity": "sha512-Y29YKEc8MQsjch/VzkUVJ+2MXd9WcR42fK5u36CZf4G8bXw2DXMTWuESiB0R6m59JAWxlPPw5/Fri/t/AyyueA==",
      "requires": {
        "assert-plus": "^1.0.0",
        "jsprim": "^1.2.2",
        "sshpk": "^1.14.1"
      }
    },
    "iconv-lite": {
      "version": "0.6.2",
      "resolved": "https://registry.npmjs.org/iconv-lite/-/iconv-lite-0.6.2.tgz",
      "integrity": "sha512-2y91h5OpQlolefMPmUlivelittSWy0rP+oYVpn6A7GwVHNE8AWzoYOBNmlwks3LobaJxgHCYZAnyNo2GgpNRNQ==",
      "requires": {
        "safer-buffer": ">= 2.1.2 < 3.0.0"
      }
    },
    "is-stream": {
      "version": "1.1.0",
      "resolved": "https://registry.npmjs.org/is-stream/-/is-stream-1.1.0.tgz",
      "integrity": "sha1-EtSj3U5o4Lec6428hBc66A2RykQ="
    },
    "isomorphic-fetch": {
      "version": "2.2.1",
      "resolved": "https://registry.npmjs.org/isomorphic-fetch/-/isomorphic-fetch-2.2.1.tgz",
      "integrity": "sha1-YRrhrPFPXoH3KVB0coGf6XM1WKk=",
      "requires": {
        "node-fetch": "^1.0.1",
        "whatwg-fetch": ">=0.10.0"
      }
    },
    "jsbn": {
      "version": "0.1.1",
      "resolved": "https://registry.npmjs.org/jsbn/-/jsbn-0.1.1.tgz",
      "integrity": "sha1-peZUwuWi3rXyAdls77yoDA7y9RM="
    },
    "json-schema": {
      "version": "0.2.3",
      "resolved": "https://registry.npmjs.org/json-schema/-/json-schema-0.2.3.tgz",
      "integrity": "sha1-tIDIkuWaLwWVTOcnvT8qTogvnhM="
    },
    "jsonwebtoken": {
      "version": "8.5.1",
      "resolved": "https://registry.npmjs.org/jsonwebtoken/-/jsonwebtoken-8.5.1.tgz",
      "integrity": "sha512-XjwVfRS6jTMsqYs0EsuJ4LGxXV14zQybNd4L2r0UvbVnSF9Af8x7p5MzbJ90Ioz/9TI41/hTCvznF/loiSzn8w==",
      "requires": {
        "jws": "^3.2.2",
        "lodash.includes": "^4.3.0",
        "lodash.isboolean": "^3.0.3",
        "lodash.isinteger": "^4.0.4",
        "lodash.isnumber": "^3.0.3",
        "lodash.isplainobject": "^4.0.6",
        "lodash.isstring": "^4.0.1",
        "lodash.once": "^4.0.0",
        "ms": "^2.1.1",
        "semver": "^5.6.0"
      }
    },
    "jsprim": {
      "version": "1.4.1",
      "resolved": "https://registry.npmjs.org/jsprim/-/jsprim-1.4.1.tgz",
      "integrity": "sha1-MT5mvB5cwG5Di8G3SZwuXFastqI=",
      "requires": {
        "assert-plus": "1.0.0",
        "extsprintf": "1.3.0",
        "json-schema": "0.2.3",
        "verror": "1.10.0"
      }
    },
    "jssha": {
      "version": "2.4.1",
      "resolved": "https://registry.npmjs.org/jssha/-/jssha-2.4.1.tgz",
      "integrity": "sha512-77DN1YurYgh+7FPCTJ2CQ6hVDHgIWiHxm4Y5/mAdnpETKYagX22pVWMz4xfKF5fcpNfMaztgVj+/B1bt2k23Eg=="
    },
    "jwa": {
      "version": "1.4.1",
      "resolved": "https://registry.npmjs.org/jwa/-/jwa-1.4.1.tgz",
      "integrity": "sha512-qiLX/xhEEFKUAJ6FiBMbes3w9ATzyk5W7Hvzpa/SLYdxNtng+gcurvrI7TbACjIXlsJyr05/S1oUhZrc63evQA==",
      "requires": {
        "buffer-equal-constant-time": "1.0.1",
        "ecdsa-sig-formatter": "1.0.11",
        "safe-buffer": "^5.0.1"
      }
    },
    "jws": {
      "version": "3.2.2",
      "resolved": "https://registry.npmjs.org/jws/-/jws-3.2.2.tgz",
      "integrity": "sha512-YHlZCB6lMTllWDtSPHz/ZXTsi8S00usEV6v1tjq8tOUZzw7DpSDWVXjXDre6ed1w/pd495ODpHZYSdkRTsa0HA==",
      "requires": {
        "jwa": "^1.4.1",
        "safe-buffer": "^5.0.1"
      }
    },
    "lodash.includes": {
      "version": "4.3.0",
      "resolved": "https://registry.npmjs.org/lodash.includes/-/lodash.includes-4.3.0.tgz",
      "integrity": "sha1-YLuYqHy5I8aMoeUTJUgzFISfVT8="
    },
    "lodash.isboolean": {
      "version": "3.0.3",
      "resolved": "https://registry.npmjs.org/lodash.isboolean/-/lodash.isboolean-3.0.3.tgz",
      "integrity": "sha1-bC4XHbKiV82WgC/UOwGyDV9YcPY="
    },
    "lodash.isinteger": {
      "version": "4.0.4",
      "resolved": "https://registry.npmjs.org/lodash.isinteger/-/lodash.isinteger-4.0.4.tgz",
      "integrity": "sha1-YZwK89A/iwTDH1iChAt3sRzWg0M="
    },
    "lodash.isnumber": {
      "version": "3.0.3",
      "resolved": "https://registry.npmjs.org/lodash.isnumber/-/lodash.isnumber-3.0.3.tgz",
      "integrity": "sha1-POdoEMWSjQM1IwGsKHMX8RwLH/w="
    },
    "lodash.isplainobject": {
      "version": "4.0.6",
      "resolved": "https://registry.npmjs.org/lodash.isplainobject/-/lodash.isplainobject-4.0.6.tgz",
      "integrity": "sha1-fFJqUtibRcRcxpC4gWO+BJf1UMs="
    },
    "lodash.isstring": {
      "version": "4.0.1",
      "resolved": "https://registry.npmjs.org/lodash.isstring/-/lodash.isstring-4.0.1.tgz",
      "integrity": "sha1-1SfftUVuynzJu5XV2ur4i6VKVFE="
    },
    "lodash.once": {
      "version": "4.1.1",
      "resolved": "https://registry.npmjs.org/lodash.once/-/lodash.once-4.1.1.tgz",
      "integrity": "sha1-DdOXEhPHxW34gJd9UEyI+0cal6w="
    },
    "ms": {
      "version": "2.1.2",
      "resolved": "https://registry.npmjs.org/ms/-/ms-2.1.2.tgz",
      "integrity": "sha512-sGkPx+VjMtmA6MX27oA4FBFELFCZZ4S4XqeGOXCv68tT+jb3vk/RyaKWP0PTKyWtmLSM0b+adUTEvbs1PEaH2w=="
    },
    "node-fetch": {
      "version": "1.7.3",
      "resolved": "https://registry.npmjs.org/node-fetch/-/node-fetch-1.7.3.tgz",
      "integrity": "sha512-NhZ4CsKx7cYm2vSrBAr2PvFOe6sWDf0UYLRqA6svUYg7+/TSfVAu49jYC4BvQ4Sms9SZgdqGBgroqfDhJdTyKQ==",
      "requires": {
        "encoding": "^0.1.11",
        "is-stream": "^1.0.1"
      }
    },
    "oci-analytics": {
      "version": "1.6.0",
      "resolved": "https://registry.npmjs.org/oci-analytics/-/oci-analytics-1.6.0.tgz",
      "integrity": "sha512-uImDXuv/D5qMM8QbWNhaCIWy9aiPAiPsrgDbKTMUpEEmxAu0UbnEhZeN+IApvuTNfwOMZ7t+fxf6wv7CkZeOzQ==",
      "requires": {
        "oci-common": "1.6.0",
        "oci-workrequests": "1.6.0"
      }
    },
    "oci-announcementsservice": {
      "version": "1.6.0",
      "resolved": "https://registry.npmjs.org/oci-announcementsservice/-/oci-announcementsservice-1.6.0.tgz",
      "integrity": "sha512-haTlLHFZaOdxh4WT4RxBkQZ2KcUSZPGr9G8BypBlWspPk9GriYRwPtNcel4Mme2yIgIL2+h9hWYA+vY6IntweA==",
      "requires": {
        "oci-common": "1.6.0",
        "oci-workrequests": "1.6.0"
      }
    },
    "oci-apigateway": {
      "version": "1.6.0",
      "resolved": "https://registry.npmjs.org/oci-apigateway/-/oci-apigateway-1.6.0.tgz",
      "integrity": "sha512-oOOAx/0aIazmvnJMk1wZ9ZC5htOGfG6owNZB4Qlv68kAe7SRThU4vWxNFRGvHdBMQUFFvmlP/xx9ReXydny2lA==",
      "requires": {
        "oci-common": "1.6.0",
        "oci-workrequests": "1.6.0"
      }
    },
    "oci-applicationmigration": {
      "version": "1.6.0",
      "resolved": "https://registry.npmjs.org/oci-applicationmigration/-/oci-applicationmigration-1.6.0.tgz",
      "integrity": "sha512-ReI+3MTO1nmRVsN1D0tZQ6cd1+pFpkww9ohSgaLqUe2cLgNma7dRyh80BphmuXsBW7jlsNY376MgKD+B3C1aIw==",
      "requires": {
        "oci-common": "1.6.0",
        "oci-workrequests": "1.6.0"
      }
    },
    "oci-audit": {
      "version": "1.6.0",
      "resolved": "https://registry.npmjs.org/oci-audit/-/oci-audit-1.6.0.tgz",
      "integrity": "sha512-dWHdRpa8+deC+C3w2XDczQtd3mxGiBf6PAOXN+p7aMv64KP9reScDc74UKrrM89wgphd/6wjj7VdPg9WYcywGQ==",
      "requires": {
        "oci-common": "1.6.0",
        "oci-workrequests": "1.6.0"
      }
    },
    "oci-autoscaling": {
      "version": "1.6.0",
      "resolved": "https://registry.npmjs.org/oci-autoscaling/-/oci-autoscaling-1.6.0.tgz",
      "integrity": "sha512-3ksL5f/Hp1d1Vn4PuGG7XDZOmugERt438TQCOJPy8j4ReVp5wObMOzIYM9h28cyjP+I4+tvUGx1TOOXJPEYn+g==",
      "requires": {
        "oci-common": "1.6.0",
        "oci-workrequests": "1.6.0"
      }
    },
    "oci-bds": {
      "version": "1.6.0",
      "resolved": "https://registry.npmjs.org/oci-bds/-/oci-bds-1.6.0.tgz",
      "integrity": "sha512-DEWjzouJ8Ub+TCPPSBvD1cqhY8TNTe1uNTgNgaxK9xJLQ16k5pJGEDNj674Fv+Kr/+Nm2ApCJUhmzpYEQHx1PQ==",
      "requires": {
        "oci-common": "1.6.0",
        "oci-workrequests": "1.6.0"
      }
    },
    "oci-blockchain": {
      "version": "1.6.0",
      "resolved": "https://registry.npmjs.org/oci-blockchain/-/oci-blockchain-1.6.0.tgz",
      "integrity": "sha512-qo2lxMiUBvRKZlYIPfuF3N7pZQPqCU1fGvAxoHTX9q8s1ovHz2JTavJn5dqYWS/lMU9SUBpa0fcnIr6HnFPKsg==",
      "requires": {
        "oci-common": "1.6.0",
        "oci-workrequests": "1.6.0"
      }
    },
    "oci-budget": {
      "version": "1.6.0",
      "resolved": "https://registry.npmjs.org/oci-budget/-/oci-budget-1.6.0.tgz",
      "integrity": "sha512-sGjt+bEfGKKUjQuwHS6VZ/Jdq1THsXXBcnEdUMVTKmLxqlM4zQUE+54HENJk6f5bqsbe/rORa2ysSCpusn6uHQ==",
      "requires": {
        "oci-common": "1.6.0",
        "oci-workrequests": "1.6.0"
      }
    },
    "oci-cims": {
      "version": "1.6.0",
      "resolved": "https://registry.npmjs.org/oci-cims/-/oci-cims-1.6.0.tgz",
      "integrity": "sha512-XhYdG5vgVYeefJcKi/S0jLGekOG5v3WbHazJAUu/0BsNZa/qa9NevqSP60TcBCZc83Z/IQbpOFgCwELfDyxivw==",
      "requires": {
        "oci-common": "1.6.0",
        "oci-workrequests": "1.6.0"
      }
    },
    "oci-cloudguard": {
      "version": "1.6.0",
      "resolved": "https://registry.npmjs.org/oci-cloudguard/-/oci-cloudguard-1.6.0.tgz",
      "integrity": "sha512-ZKYBtQQMd+9J31zheGZyIRRUNTdHFu+wgfMLqkO2qLfPDglVQbYfArS8PuI1n1kTEDEHL1ZFMTYy2i7Z9zxUfg==",
      "requires": {
        "oci-common": "1.6.0",
        "oci-workrequests": "1.6.0"
      }
    },
    "oci-common": {
      "version": "1.6.0",
      "resolved": "https://registry.npmjs.org/oci-common/-/oci-common-1.6.0.tgz",
      "integrity": "sha512-6xwc+QM0kOGnyuUZs7NDkJul8NtURxG2aR/qHRk7GU/uWUmpnQFgLFeyIsek30PgKMSwqawJ+fBXCGS7fCm9kg==",
      "requires": {
        "@types/isomorphic-fetch": "0.0.35",
        "es6-promise": "4.2.6",
        "http-signature": "1.3.1",
        "isomorphic-fetch": "2.2.1",
        "jsonwebtoken": "8.5.1",
        "jssha": "2.4.1",
        "sshpk": "1.16.1",
        "uuid": "3.3.3"
      }
    },
    "oci-containerengine": {
      "version": "1.6.0",
      "resolved": "https://registry.npmjs.org/oci-containerengine/-/oci-containerengine-1.6.0.tgz",
      "integrity": "sha512-XS8usKU0UHaGl2Ry3k+ZuKb221QVZw9WUFEej6S38OTCHS6SlroyaD+r+n1x1GMlw4H3HokfSXnRP6+VKPOR3Q==",
      "requires": {
        "oci-common": "1.6.0",
        "oci-workrequests": "1.6.0"
      }
    },
    "oci-core": {
      "version": "1.6.0",
      "resolved": "https://registry.npmjs.org/oci-core/-/oci-core-1.6.0.tgz",
      "integrity": "sha512-QYZp9zr03p1TpD6UFDz+BHuSMX6gKmAmCMPZxNosc6s1cvRjlIw3Pr+phKcHH6bCB4K8xglIPV3TnLxDELULDw==",
      "requires": {
        "oci-common": "1.6.0",
        "oci-workrequests": "1.6.0"
      }
    },
    "oci-database": {
      "version": "1.6.0",
      "resolved": "https://registry.npmjs.org/oci-database/-/oci-database-1.6.0.tgz",
      "integrity": "sha512-aYdRFW+E8ZXKKboLlaMQjKMRsHe11dc5liElOGY1Fy5wHArVbk/f6iy3V2mAc4Vy3StkSdtvadiKjRZqWXc4Og==",
      "requires": {
        "oci-common": "1.6.0",
        "oci-workrequests": "1.6.0"
      }
    },
    "oci-datacatalog": {
      "version": "1.6.0",
      "resolved": "https://registry.npmjs.org/oci-datacatalog/-/oci-datacatalog-1.6.0.tgz",
      "integrity": "sha512-sTzY/iTsuYUjktKLOo/Vghu9MbyLHF2hngAYQTefskLe4GmWo/n1FXlyP5pReLFoQj+Pj1TLD9+uTU5+5MbPfg==",
      "requires": {
        "oci-common": "1.6.0",
        "oci-workrequests": "1.6.0"
      }
    },
    "oci-dataflow": {
      "version": "1.6.0",
      "resolved": "https://registry.npmjs.org/oci-dataflow/-/oci-dataflow-1.6.0.tgz",
      "integrity": "sha512-RXaQS2Q024M4qdGvU8q4WX6v/JCyLI+1SeaImksydOELcBuQdIdqJk2nYQNcsUoNrhMC0x3kbvIO0GGBYloniw==",
      "requires": {
        "oci-common": "1.6.0",
        "oci-workrequests": "1.6.0"
      }
    },
    "oci-dataintegration": {
      "version": "1.6.0",
      "resolved": "https://registry.npmjs.org/oci-dataintegration/-/oci-dataintegration-1.6.0.tgz",
      "integrity": "sha512-Ry05B9M9QiAdlLT8W7bTgWEC1EGkrxpRBDVfGw1HTKRh62W5tCdGw5dNG/NKNBoXunKLmO0sG7I6J0FylZvtbw==",
      "requires": {
        "oci-common": "1.6.0",
        "oci-workrequests": "1.6.0"
      }
    },
    "oci-datasafe": {
      "version": "1.6.0",
      "resolved": "https://registry.npmjs.org/oci-datasafe/-/oci-datasafe-1.6.0.tgz",
      "integrity": "sha512-VxG+oqnmA3q7LhtSxFuY/hjNWZEKSLVvcVSdXvoyAHXyJo4c6iIxYOq32lcXftuDUYBNohJdjEIHU0n3IjLl8A==",
      "requires": {
        "oci-common": "1.6.0",
        "oci-workrequests": "1.6.0"
      }
    },
    "oci-datascience": {
      "version": "1.6.0",
      "resolved": "https://registry.npmjs.org/oci-datascience/-/oci-datascience-1.6.0.tgz",
      "integrity": "sha512-lDFWqfghjf6INZUCC2tENTvY9o3enFm14OB1IsbEN3lSF4REiUnh9VbUZBPcsKs0oSOFXPdFNIHLRrMIFntUhQ==",
      "requires": {
        "oci-common": "1.6.0",
        "oci-workrequests": "1.6.0"
      }
    },
    "oci-dns": {
      "version": "1.6.0",
      "resolved": "https://registry.npmjs.org/oci-dns/-/oci-dns-1.6.0.tgz",
      "integrity": "sha512-VZpgMEKqut0I1mt1qiu3W5c9t163EKp68Kdnzm2PduurjN8jZErmzErBevpbOtizYS13yuwCDhvMPXQ4GLXmKQ==",
      "requires": {
        "oci-common": "1.6.0",
        "oci-workrequests": "1.6.0"
      }
    },
    "oci-dts": {
      "version": "1.6.0",
      "resolved": "https://registry.npmjs.org/oci-dts/-/oci-dts-1.6.0.tgz",
      "integrity": "sha512-qC9OciaOXXffELC/6RPMj9ux8IXzZtp9gDd4fxPul5fMO1UZ7nfJwRqU1Ew4zp16MFhO2Hr6sX832QaGGsSyxA==",
      "requires": {
        "oci-common": "1.6.0",
        "oci-workrequests": "1.6.0"
      }
    },
    "oci-email": {
      "version": "1.6.0",
      "resolved": "https://registry.npmjs.org/oci-email/-/oci-email-1.6.0.tgz",
      "integrity": "sha512-4+9JP5b+bxqRlhbukM7okqGOo3g7ndk77DJhQks3PBMuGc6nOjUn5iwDmV+qU0/3cIRMAA6kf2z8CF5OrkY4yA==",
      "requires": {
        "oci-common": "1.6.0",
        "oci-workrequests": "1.6.0"
      }
    },
    "oci-events": {
      "version": "1.6.0",
      "resolved": "https://registry.npmjs.org/oci-events/-/oci-events-1.6.0.tgz",
      "integrity": "sha512-BvwbsDWz5qaP/wTV4LQ6Isv6uLt62xwRb2h5M7hPRwBhU2sYIifYHZliBDlo47QD3DzHC2nekST9PdH6zbwkTQ==",
      "requires": {
        "oci-common": "1.6.0",
        "oci-workrequests": "1.6.0"
      }
    },
    "oci-filestorage": {
      "version": "1.6.0",
      "resolved": "https://registry.npmjs.org/oci-filestorage/-/oci-filestorage-1.6.0.tgz",
      "integrity": "sha512-SK48y0Zs9AKG7DixXiX3wUVmf5BvA9qRPulVHQQ7EiCjXdIHGTrdrdRBxAeM/DZ0P8C1rpSTGSR9EPMZqiayZw==",
      "requires": {
        "oci-common": "1.6.0",
        "oci-workrequests": "1.6.0"
      }
    },
    "oci-functions": {
      "version": "1.6.0",
      "resolved": "https://registry.npmjs.org/oci-functions/-/oci-functions-1.6.0.tgz",
      "integrity": "sha512-cJVB92oiOCI82bnb9eK6vs3hIS2G6lElAYZKC2xupw8Yxyr2cF3mb4sK1WsCK2HL91HfjXFSzg2b3aoS/z+wGw==",
      "requires": {
        "oci-common": "1.6.0",
        "oci-workrequests": "1.6.0"
      }
    },
    "oci-healthchecks": {
      "version": "1.6.0",
      "resolved": "https://registry.npmjs.org/oci-healthchecks/-/oci-healthchecks-1.6.0.tgz",
      "integrity": "sha512-OQ9XSTQMpx6aJn/5fLBiye0YHDvEU2f1pCsDX6qZBlCPGxDaB9VkUwob8QgZHuS76WRjXfr0Kgs6RzxswUUwRQ==",
      "requires": {
        "oci-common": "1.6.0",
        "oci-workrequests": "1.6.0"
      }
    },
    "oci-identity": {
      "version": "1.6.0",
      "resolved": "https://registry.npmjs.org/oci-identity/-/oci-identity-1.6.0.tgz",
      "integrity": "sha512-9GeI2wUgVqgq02kBCKxtKAxj+sK+iE3WmrjJyU68rzWtU4MYJ5ZhBmVxjJdJWUnUV10jNK2AFLDokVWJbjhczA==",
      "requires": {
        "oci-common": "1.6.0",
        "oci-workrequests": "1.6.0"
      }
    },
    "oci-integration": {
      "version": "1.6.0",
      "resolved": "https://registry.npmjs.org/oci-integration/-/oci-integration-1.6.0.tgz",
      "integrity": "sha512-4BQlQh4HFAwyu/Ltl+tn38WXKtoLRq/hfAkdx6b+5g4ElJ3anVMBtZubz9V7AGFBKuR5nS6D0eGVedbL4K9csw==",
      "requires": {
        "oci-common": "1.6.0",
        "oci-workrequests": "1.6.0"
      }
    },
    "oci-keymanagement": {
      "version": "1.6.0",
      "resolved": "https://registry.npmjs.org/oci-keymanagement/-/oci-keymanagement-1.6.0.tgz",
      "integrity": "sha512-E7XYGsoD5Z5QiAATBIZzPTmeqlhBxZczSZgNhvgIy205VQ21CbyeawbYyOmQOK62JzsjNa/ewcyxt9VoG7pBWQ==",
      "requires": {
        "oci-common": "1.6.0",
        "oci-workrequests": "1.6.0"
      }
    },
    "oci-limits": {
      "version": "1.6.0",
      "resolved": "https://registry.npmjs.org/oci-limits/-/oci-limits-1.6.0.tgz",
      "integrity": "sha512-c3W7PnFDcQl196KQs6rD/HuQZLOvRJ6FsTocMxFBuInE/jwnDPTSErSLvEv0JxVyOAJiludHzAabAMmRaddVlA==",
      "requires": {
        "oci-common": "1.6.0",
        "oci-workrequests": "1.6.0"
      }
    },
    "oci-loadbalancer": {
      "version": "1.6.0",
      "resolved": "https://registry.npmjs.org/oci-loadbalancer/-/oci-loadbalancer-1.6.0.tgz",
      "integrity": "sha512-zy6nAVGXZkXL5o3lqSUkGRmpMDR7LaNyX8XAVZTOPolHAY/T1JUobP+FzPFGX7Zz11GKDwYCz8CKtc+kEf8MKA==",
      "requires": {
        "oci-common": "1.6.0",
        "oci-workrequests": "1.6.0"
      }
    },
    "oci-loganalytics": {
      "version": "1.6.0",
      "resolved": "https://registry.npmjs.org/oci-loganalytics/-/oci-loganalytics-1.6.0.tgz",
      "integrity": "sha512-K5hpkwYfj1mTTF7UFgvSFQ2J/a0r6iv5dvIMia0c1q57d6ZB6TRPPj/KrY20PZUGA96zJfoVzuect3dSnLMAoA==",
      "requires": {
        "oci-common": "1.6.0",
        "oci-workrequests": "1.6.0"
      }
    },
    "oci-logging": {
      "version": "1.6.0",
      "resolved": "https://registry.npmjs.org/oci-logging/-/oci-logging-1.6.0.tgz",
      "integrity": "sha512-WPG7bA9D4p3gJbyw4CQnGIRNtu6DopO7tUnoQ8hQBcWr13et9i12PELdYxPyRBG2WWfFDxRAE5CgPSucyOcoDA==",
      "requires": {
        "oci-common": "1.6.0",
        "oci-workrequests": "1.6.0"
      }
    },
    "oci-loggingingestion": {
      "version": "1.6.0",
      "resolved": "https://registry.npmjs.org/oci-loggingingestion/-/oci-loggingingestion-1.6.0.tgz",
      "integrity": "sha512-9fgYFZQ0qMaKBYX40flcfXukaQNSgVBokwse0+dsSRELoga9CCTBvG2jUGJrvHz7HTkv8YUDfkJSoqN7+v87nA==",
      "requires": {
        "oci-common": "1.6.0",
        "oci-workrequests": "1.6.0"
      }
    },
    "oci-loggingsearch": {
      "version": "1.6.0",
      "resolved": "https://registry.npmjs.org/oci-loggingsearch/-/oci-loggingsearch-1.6.0.tgz",
      "integrity": "sha512-LCf6fUu2O6s60d6XfW4FJfj+oG77Z+QX+5vItCnrNqNMPD82kRhZS3R70GzgZkJDDenir1iplqLkNQu79TIXPw==",
      "requires": {
        "oci-common": "1.6.0",
        "oci-workrequests": "1.6.0"
      }
    },
    "oci-managementagent": {
      "version": "1.6.0",
      "resolved": "https://registry.npmjs.org/oci-managementagent/-/oci-managementagent-1.6.0.tgz",
      "integrity": "sha512-1RG5jz/pc9+UnBKtNRnRGeQzDX3t1yFbWpJMjo9wtwQ0FAoOdrn/4LpTLiaIS0oVnQCwtQxCs6kDOsTm30GRKA==",
      "requires": {
        "oci-common": "1.6.0",
        "oci-workrequests": "1.6.0"
      }
    },
    "oci-managementdashboard": {
      "version": "1.6.0",
      "resolved": "https://registry.npmjs.org/oci-managementdashboard/-/oci-managementdashboard-1.6.0.tgz",
      "integrity": "sha512-f+5YHe4wiTMQE7LlXgwTVdSSQby1lRdYdHw/tIJ3Zvok2S2Ui0rgAxy8n1EPL2YjGF6kDMCJSqprAS0szJskbA==",
      "requires": {
        "oci-common": "1.6.0",
        "oci-workrequests": "1.6.0"
      }
    },
    "oci-marketplace": {
      "version": "1.6.0",
      "resolved": "https://registry.npmjs.org/oci-marketplace/-/oci-marketplace-1.6.0.tgz",
      "integrity": "sha512-dTC3gTcqNIOLoQdKfkVQdHlB6Qd81ttNiKCXr7MN1B58KmIKINZNMkPrSwkfM0PCSNQ/ObOprRXu58ruHGanJQ==",
      "requires": {
        "oci-common": "1.6.0",
        "oci-workrequests": "1.6.0"
      }
    },
    "oci-monitoring": {
      "version": "1.6.0",
      "resolved": "https://registry.npmjs.org/oci-monitoring/-/oci-monitoring-1.6.0.tgz",
      "integrity": "sha512-9mARzGDXJxKX+9HK7O5xGhzuNzYCxIG7gNC7c/wPFF2641dTqPLXSJRVp0supCFUbgik2w7kM/Hw+AIzDnbUBQ==",
      "requires": {
        "oci-common": "1.6.0",
        "oci-workrequests": "1.6.0"
      }
    },
    "oci-mysql": {
      "version": "1.6.0",
      "resolved": "https://registry.npmjs.org/oci-mysql/-/oci-mysql-1.6.0.tgz",
      "integrity": "sha512-P/o1Qkek4O9gPMgy40KMtkyFTtOtMqCF8WPjYeoVCdODYYs1b+fIvN2UVpBGHIiryw2LQsRzwzvwXKFGcswo/g==",
      "requires": {
        "oci-common": "1.6.0",
        "oci-workrequests": "1.6.0"
      }
    },
    "oci-nosql": {
      "version": "1.6.0",
      "resolved": "https://registry.npmjs.org/oci-nosql/-/oci-nosql-1.6.0.tgz",
      "integrity": "sha512-PS2SY81fMqJEhPaWUwij7zG2ER2nSPaY2LrBuOCpOu28U8710Ckc4uU0n8FBqUMfXdAGRWD5CnOq5iP7sbsvbA==",
      "requires": {
        "oci-common": "1.6.0",
        "oci-workrequests": "1.6.0"
      }
    },
    "oci-objectstorage": {
      "version": "1.6.0",
      "resolved": "https://registry.npmjs.org/oci-objectstorage/-/oci-objectstorage-1.6.0.tgz",
      "integrity": "sha512-0V3jc2vCx7S71W7C/4xuxnWdunJU2QQOZWd0T2GfwWX49UNYWEidXB4R4kx5YbanTQFIHTTppY7tEzfuX607hA==",
      "requires": {
        "await-semaphore": "^0.1.3",
        "oci-common": "1.6.0",
        "oci-workrequests": "1.6.0"
      }
    },
    "oci-oce": {
      "version": "1.6.0",
      "resolved": "https://registry.npmjs.org/oci-oce/-/oci-oce-1.6.0.tgz",
      "integrity": "sha512-CgB1NnMVHVdfU1zQnfD2iccfArVqgbHIfnJv19cP14rBfSf6NeNad868tZV+/Ru4X13Fe8FTuzYfdwWxfrub0A==",
      "requires": {
        "oci-common": "1.6.0",
        "oci-workrequests": "1.6.0"
      }
    },
    "oci-ocvp": {
      "version": "1.6.0",
      "resolved": "https://registry.npmjs.org/oci-ocvp/-/oci-ocvp-1.6.0.tgz",
      "integrity": "sha512-NquTnB4k8VOod0k+J+QLn963/XJBEfxh/lik4uaSml1xYdV6Ugsr1UeApKWAWNPsPnZuv9OICqCPponEIpDIBw==",
      "requires": {
        "oci-common": "1.6.0",
        "oci-workrequests": "1.6.0"
      }
    },
    "oci-oda": {
      "version": "1.6.0",
      "resolved": "https://registry.npmjs.org/oci-oda/-/oci-oda-1.6.0.tgz",
      "integrity": "sha512-UobV9h+rPrZlyPUPC+S/5heWoKVUE8z5Wtv2XP1r1GgB27kFMooP5JAA3FgP3rsUZZ45MH/W/8l/CGSlcQ0QJQ==",
      "requires": {
        "oci-common": "1.6.0",
        "oci-workrequests": "1.6.0"
      }
    },
    "oci-ons": {
      "version": "1.6.0",
      "resolved": "https://registry.npmjs.org/oci-ons/-/oci-ons-1.6.0.tgz",
      "integrity": "sha512-Wu8Q1o7Llix7dO3cVxmHTZpZVCjMIQF6rqGtnQSQEZZnkoiKf0KLboZ1DY8jWGiZ5zLhoKW2OkFbI1bpUUhWpg==",
      "requires": {
        "oci-common": "1.6.0",
        "oci-workrequests": "1.6.0"
      }
    },
    "oci-osmanagement": {
      "version": "1.6.0",
      "resolved": "https://registry.npmjs.org/oci-osmanagement/-/oci-osmanagement-1.6.0.tgz",
      "integrity": "sha512-NIz1kZXqvSZXxTDJgI+2TSxtVNk3SW92PIEQ0OmfJX5EcE1XpOoCjzCquA0Vmv4j0AXZa9OS3t4v8qcgRYeJLg==",
      "requires": {
        "oci-common": "1.6.0",
        "oci-workrequests": "1.6.0"
      }
    },
    "oci-resourcemanager": {
      "version": "1.6.0",
      "resolved": "https://registry.npmjs.org/oci-resourcemanager/-/oci-resourcemanager-1.6.0.tgz",
      "integrity": "sha512-wYdR5x2zrFy/s3iB12zw0WqjUWxUGj/0TaApp6CiiPOiLhScD5YXOwWyWN+Ih5CbntEZ2U3MiJrYqMkxX8ttGw==",
      "requires": {
        "oci-common": "1.6.0",
        "oci-workrequests": "1.6.0"
      }
    },
    "oci-resourcesearch": {
      "version": "1.6.0",
      "resolved": "https://registry.npmjs.org/oci-resourcesearch/-/oci-resourcesearch-1.6.0.tgz",
      "integrity": "sha512-VjPlxnSJp8FC8V/sZi8E/0J4JkR1MY6Kv1f/tEAv3l7dcXQC4B9JgtXxpO0VKgT1rgp3Uv/ifmO/eV66DdToRA==",
      "requires": {
        "oci-common": "1.6.0",
        "oci-workrequests": "1.6.0"
      }
    },
    "oci-sch": {
      "version": "1.6.0",
      "resolved": "https://registry.npmjs.org/oci-sch/-/oci-sch-1.6.0.tgz",
      "integrity": "sha512-4lP6k2b5hypzrS38vdfKnrmrDWZgy8Dr58T4iioQ+ixoVzDwVS0jv65jk73nW+Vhu4Dus3DTXdR8DADGSJC1bA==",
      "requires": {
        "oci-common": "1.6.0",
        "oci-workrequests": "1.6.0"
      }
    },
    "oci-sdk": {
      "version": "1.6.0",
      "resolved": "https://registry.npmjs.org/oci-sdk/-/oci-sdk-1.6.0.tgz",
      "integrity": "sha512-VYg1hDrqTce1oFeKzcrFJGPpP3EQyoEw82D8obgkpwum89+h814ga1l/pMVqowb6DhWU6TfOiANtJUPe6AcuPA==",
      "requires": {
        "oci-analytics": "1.6.0",
        "oci-announcementsservice": "1.6.0",
        "oci-apigateway": "1.6.0",
        "oci-applicationmigration": "1.6.0",
        "oci-audit": "1.6.0",
        "oci-autoscaling": "1.6.0",
        "oci-bds": "1.6.0",
        "oci-blockchain": "1.6.0",
        "oci-budget": "1.6.0",
        "oci-cims": "1.6.0",
        "oci-cloudguard": "1.6.0",
        "oci-common": "1.6.0",
        "oci-containerengine": "1.6.0",
        "oci-core": "1.6.0",
        "oci-database": "1.6.0",
        "oci-datacatalog": "1.6.0",
        "oci-dataflow": "1.6.0",
        "oci-dataintegration": "1.6.0",
        "oci-datasafe": "1.6.0",
        "oci-datascience": "1.6.0",
        "oci-dns": "1.6.0",
        "oci-dts": "1.6.0",
        "oci-email": "1.6.0",
        "oci-events": "1.6.0",
        "oci-filestorage": "1.6.0",
        "oci-functions": "1.6.0",
        "oci-healthchecks": "1.6.0",
        "oci-identity": "1.6.0",
        "oci-integration": "1.6.0",
        "oci-keymanagement": "1.6.0",
        "oci-limits": "1.6.0",
        "oci-loadbalancer": "1.6.0",
        "oci-loganalytics": "1.6.0",
        "oci-logging": "1.6.0",
        "oci-loggingingestion": "1.6.0",
        "oci-loggingsearch": "1.6.0",
        "oci-managementagent": "1.6.0",
        "oci-managementdashboard": "1.6.0",
        "oci-marketplace": "1.6.0",
        "oci-monitoring": "1.6.0",
        "oci-mysql": "1.6.0",
        "oci-nosql": "1.6.0",
        "oci-objectstorage": "1.6.0",
        "oci-oce": "1.6.0",
        "oci-ocvp": "1.6.0",
        "oci-oda": "1.6.0",
        "oci-ons": "1.6.0",
        "oci-osmanagement": "1.6.0",
        "oci-resourcemanager": "1.6.0",
        "oci-resourcesearch": "1.6.0",
        "oci-sch": "1.6.0",
        "oci-secrets": "1.6.0",
        "oci-streaming": "1.6.0",
        "oci-usageapi": "1.6.0",
        "oci-vault": "1.6.0",
        "oci-waas": "1.6.0",
        "oci-workrequests": "1.6.0"
      }
    },
    "oci-secrets": {
      "version": "1.6.0",
      "resolved": "https://registry.npmjs.org/oci-secrets/-/oci-secrets-1.6.0.tgz",
      "integrity": "sha512-bnzRhrZAaa+D4H0YgmeffwsAyqE51LkEK66F5d7goYD2fU4Z/fmtmBZFluJDpJaKUN8i3FQzQz0rfzTqMdyC/Q==",
      "requires": {
        "oci-common": "1.6.0",
        "oci-workrequests": "1.6.0"
      }
    },
    "oci-streaming": {
      "version": "1.6.0",
      "resolved": "https://registry.npmjs.org/oci-streaming/-/oci-streaming-1.6.0.tgz",
      "integrity": "sha512-bl6tY5Oa6NsoqwAAAB4oMKLvNAQ4OksfHcnZ++zG7tSk2JOPmO4AE9ftU9lPYw9xHl3XFNv7wldPWbuhkksiIA==",
      "requires": {
        "oci-common": "1.6.0",
        "oci-workrequests": "1.6.0"
      }
    },
    "oci-usageapi": {
      "version": "1.6.0",
      "resolved": "https://registry.npmjs.org/oci-usageapi/-/oci-usageapi-1.6.0.tgz",
      "integrity": "sha512-9o2vCmNvuWSCkrvVn1fMFiaQebP3Ki4k4ndc6BVWBuH2yZk/sNbeunKPGq7DZWkXkibeRAHAMRnpaqW083OIVA==",
      "requires": {
        "oci-common": "1.6.0",
        "oci-workrequests": "1.6.0"
      }
    },
    "oci-vault": {
      "version": "1.6.0",
      "resolved": "https://registry.npmjs.org/oci-vault/-/oci-vault-1.6.0.tgz",
      "integrity": "sha512-ROZJEaYnUMLMd7PL7W0ZienhYRDiPMAY/J1JB4h4jZne5jNzhtaPh30mV4vsEGbPL7ck+puMa1hOtCz9D5+Xsg==",
      "requires": {
        "oci-common": "1.6.0",
        "oci-workrequests": "1.6.0"
      }
    },
    "oci-waas": {
      "version": "1.6.0",
      "resolved": "https://registry.npmjs.org/oci-waas/-/oci-waas-1.6.0.tgz",
      "integrity": "sha512-QRm0PigPcRxRR5guQK4a35faZRsv43sTjBjBYRk/1ABWJ37ZRDJwwqpEnqL6EByzmilz78OuOhjPBS6mSkTnlQ==",
      "requires": {
        "oci-common": "1.6.0",
        "oci-workrequests": "1.6.0"
      }
    },
    "oci-workrequests": {
      "version": "1.6.0",
      "resolved": "https://registry.npmjs.org/oci-workrequests/-/oci-workrequests-1.6.0.tgz",
      "integrity": "sha512-mKDvW0BNTmkeTBH/glbt9X1snEF0HtjfuCarnZfa1hytjIGNNuVTrtONt5ANRWEsZqHWYJ8gFP24AGXN9ynjeg==",
      "requires": {
        "oci-common": "1.6.0",
        "oci-workrequests": "1.6.0"
      }
    },
    "opossum": {
      "version": "5.0.2",
      "resolved": "https://registry.npmjs.org/opossum/-/opossum-5.0.2.tgz",
      "integrity": "sha512-WLroHTijCRgt539CF563QnkEUuoR8j1O1fzFmnXCbUM0Pc6qfb2LOjW7ekVJKoZ4djPaqpXCzAvhJb8T+pQEUg=="
    },
    "safe-buffer": {
      "version": "5.2.1",
      "resolved": "https://registry.npmjs.org/safe-buffer/-/safe-buffer-5.2.1.tgz",
      "integrity": "sha512-rp3So07KcdmmKbGvgaNxQSJr7bGVSVk5S9Eq1F+ppbRo70+YeaDxkw5Dd8NPN+GD6bjnYm2VuPuCXmpuYvmCXQ=="
    },
    "safer-buffer": {
      "version": "2.1.2",
      "resolved": "https://registry.npmjs.org/safer-buffer/-/safer-buffer-2.1.2.tgz",
      "integrity": "sha512-YZo3K82SD7Riyi0E1EQPojLz7kpepnSQI9IyPbHHg1XXXevb5dJI7tpyN2ADxGcQbHG7vcyRHk0cbwqcQriUtg=="
    },
    "semver": {
      "version": "5.7.1",
      "resolved": "https://registry.npmjs.org/semver/-/semver-5.7.1.tgz",
      "integrity": "sha512-sauaDf/PZdVgrLTNYHRtpXa1iRiKcaebiKQ1BJdpQlWH2lCvexQdX55snPFyK7QzpudqbCI0qXFfOasHdyNDGQ=="
    },
    "sshpk": {
      "version": "1.16.1",
      "resolved": "https://registry.npmjs.org/sshpk/-/sshpk-1.16.1.tgz",
      "integrity": "sha512-HXXqVUq7+pcKeLqqZj6mHFUMvXtOJt1uoUx09pFW6011inTMxqI8BA8PM95myrIyyKwdnzjdFjLiE6KBPVtJIg==",
      "requires": {
        "asn1": "~0.2.3",
        "assert-plus": "^1.0.0",
        "bcrypt-pbkdf": "^1.0.0",
        "dashdash": "^1.12.0",
        "ecc-jsbn": "~0.1.1",
        "getpass": "^0.1.1",
        "jsbn": "~0.1.0",
        "safer-buffer": "^2.0.2",
        "tweetnacl": "~0.14.0"
      }
    },
    "tweetnacl": {
      "version": "0.14.5",
      "resolved": "https://registry.npmjs.org/tweetnacl/-/tweetnacl-0.14.5.tgz",
      "integrity": "sha1-WuaBd/GS1EViadEIr6k/+HQ/T2Q="
    },
    "uuid": {
      "version": "3.3.3",
      "resolved": "https://registry.npmjs.org/uuid/-/uuid-3.3.3.tgz",
      "integrity": "sha512-pW0No1RGHgzlpHJO1nsVrHKpOEIxkGg1xB+v0ZmdNH5OAeAwzAVrCnI2/6Mtx+Uys6iaylxa+D3g4j63IKKjSQ=="
    },
    "verror": {
      "version": "1.10.0",
      "resolved": "https://registry.npmjs.org/verror/-/verror-1.10.0.tgz",
      "integrity": "sha1-OhBcoXBTr1XW4nDB+CiGguGNpAA=",
      "requires": {
        "assert-plus": "^1.0.0",
        "core-util-is": "1.0.2",
        "extsprintf": "^1.2.0"
      }
    },
    "whatwg-fetch": {
      "version": "3.4.1",
      "resolved": "https://registry.npmjs.org/whatwg-fetch/-/whatwg-fetch-3.4.1.tgz",
      "integrity": "sha512-sofZVzE1wKwO+EYPbWfiwzaKovWiZXf4coEzjGP9b2GBVgQRLQUZ2QcuPpQExGDAW5GItpEm6Tl4OU5mywnAoQ=="
    }
  }
}
